
Microsoft Visual Studio Solution File, Format Version 12.00
# Visual Studio Version 16
VisualStudioVersion = 16.0.31321.278
MinimumVisualStudioVersion = 10.0.40219.1
Project("{FAE04EC0-301F-11D3-BF4B-00C04F79EFBC}") = "StringBuilderclass", "StringBuilderclass\StringBuilderclass.csproj", "{9B04DA30-33CD-402A-8722-2C687A8979D5}"
EndProject
Global
	GlobalSection(SolutionConfigurationPlatforms) = preSolution
		Debug|Any CPU = Debug|Any CPU
		Release|Any CPU = Release|Any CPU
	EndGlobalSection
	GlobalSection(ProjectConfigurationPlatforms) = postSolution
		{9B04DA30-33CD-402A-8722-2C687A8979D5}.Debug|Any CPU.ActiveCfg = Debug|Any CPU
		{9B04DA30-33CD-402A-8722-2C687A8979D5}.Debug|Any CPU.Build.0 = Debug|Any CPU
		{9B04DA30-33CD-402A-8722-2C687A8979D5}.Release|Any CPU.ActiveCfg = Release|Any CPU
		{9B04DA30-33CD-402A-8722-2C687A8979D5}.Release|Any CPU.Build.0 = Release|Any CPU
	EndGlobalSection
	GlobalSection(SolutionProperties) = preSolution
		HideSolutionNode = FALSE
	EndGlobalSection
	GlobalSection(ExtensibilityGlobals) = postSolution
		SolutionGuid = {95576DDD-BB7C-4025-9E42-C4C866EE5E48}
	EndGlobalSection
EndGlobal
