
Microsoft Visual Studio Solution File, Format Version 12.00
# Visual Studio Version 16
VisualStudioVersion = 16.0.31321.278
MinimumVisualStudioVersion = 10.0.40219.1
Project("{FAE04EC0-301F-11D3-BF4B-00C04F79EFBC}") = "valueandreferencetype", "valueandreferencetype\valueandreferencetype.csproj", "{DA28519C-6E81-443B-B55E-D3D2C79869A8}"
EndProject
Global
	GlobalSection(SolutionConfigurationPlatforms) = preSolution
		Debug|Any CPU = Debug|Any CPU
		Release|Any CPU = Release|Any CPU
	EndGlobalSection
	GlobalSection(ProjectConfigurationPlatforms) = postSolution
		{DA28519C-6E81-443B-B55E-D3D2C79869A8}.Debug|Any CPU.ActiveCfg = Debug|Any CPU
		{DA28519C-6E81-443B-B55E-D3D2C79869A8}.Debug|Any CPU.Build.0 = Debug|Any CPU
		{DA28519C-6E81-443B-B55E-D3D2C79869A8}.Release|Any CPU.ActiveCfg = Release|Any CPU
		{DA28519C-6E81-443B-B55E-D3D2C79869A8}.Release|Any CPU.Build.0 = Release|Any CPU
	EndGlobalSection
	GlobalSection(SolutionProperties) = preSolution
		HideSolutionNode = FALSE
	EndGlobalSection
	GlobalSection(ExtensibilityGlobals) = postSolution
		SolutionGuid = {B2087E2D-63B6-4CF9-9D61-4130B226214F}
	EndGlobalSection
EndGlobal
