
Microsoft Visual Studio Solution File, Format Version 12.00
# Visual Studio Version 16
VisualStudioVersion = 16.0.31321.278
MinimumVisualStudioVersion = 10.0.40219.1
Project("{FAE04EC0-301F-11D3-BF4B-00C04F79EFBC}") = "Fileapp", "File\Fileapp.csproj", "{2DCE01C0-D5D2-4392-BF9C-F63D4FCE20FE}"
EndProject
Global
	GlobalSection(SolutionConfigurationPlatforms) = preSolution
		Debug|Any CPU = Debug|Any CPU
		Release|Any CPU = Release|Any CPU
	EndGlobalSection
	GlobalSection(ProjectConfigurationPlatforms) = postSolution
		{2DCE01C0-D5D2-4392-BF9C-F63D4FCE20FE}.Debug|Any CPU.ActiveCfg = Debug|Any CPU
		{2DCE01C0-D5D2-4392-BF9C-F63D4FCE20FE}.Debug|Any CPU.Build.0 = Debug|Any CPU
		{2DCE01C0-D5D2-4392-BF9C-F63D4FCE20FE}.Release|Any CPU.ActiveCfg = Release|Any CPU
		{2DCE01C0-D5D2-4392-BF9C-F63D4FCE20FE}.Release|Any CPU.Build.0 = Release|Any CPU
	EndGlobalSection
	GlobalSection(SolutionProperties) = preSolution
		HideSolutionNode = FALSE
	EndGlobalSection
	GlobalSection(ExtensibilityGlobals) = postSolution
		SolutionGuid = {1B3C3034-14EB-482C-89E0-F2D360F1D5FF}
	EndGlobalSection
EndGlobal
